// !$*UTF8*$!
{
	archiveVersion = 1;
	classes = {
	};
	objectVersion = 56;
	objects = {

/* Begin PBXBuildFile section */
		6A0AA7FF2A6479B70069AAD7 /* GoogleService-Info.plist in Resources */ = {isa = PBXBuildFile; fileRef = 6A0AA7FE2A6479B70069AAD7 /* GoogleService-Info.plist */; };
		6A5201712A5A91DE00A0C9EA /* HelpAroundApp.swift in Sources */ = {isa = PBXBuildFile; fileRef = 6A5201702A5A91DE00A0C9EA /* HelpAroundApp.swift */; };
		6A5201732A5A91DE00A0C9EA /* ContentView.swift in Sources */ = {isa = PBXBuildFile; fileRef = 6A5201722A5A91DE00A0C9EA /* ContentView.swift */; };
		6A5201752A5A91DF00A0C9EA /* Assets.xcassets in Resources */ = {isa = PBXBuildFile; fileRef = 6A5201742A5A91DF00A0C9EA /* Assets.xcassets */; };
		6A5201782A5A91DF00A0C9EA /* Preview Assets.xcassets in Resources */ = {isa = PBXBuildFile; fileRef = 6A5201772A5A91DF00A0C9EA /* Preview Assets.xcassets */; };
		6A5201822A5A929C00A0C9EA /* FirebaseAnalytics in Frameworks */ = {isa = PBXBuildFile; productRef = 6A5201812A5A929C00A0C9EA /* FirebaseAnalytics */; };
		6A5201842A5A929C00A0C9EA /* FirebaseAuth in Frameworks */ = {isa = PBXBuildFile; productRef = 6A5201832A5A929C00A0C9EA /* FirebaseAuth */; };
		6A5201862A5A929C00A0C9EA /* FirebaseDatabase in Frameworks */ = {isa = PBXBuildFile; productRef = 6A5201852A5A929C00A0C9EA /* FirebaseDatabase */; };
		6A5201882A5A929C00A0C9EA /* FirebaseFirestore in Frameworks */ = {isa = PBXBuildFile; productRef = 6A5201872A5A929C00A0C9EA /* FirebaseFirestore */; };
		6A52018A2A5A929C00A0C9EA /* FirebaseStorage in Frameworks */ = {isa = PBXBuildFile; productRef = 6A5201892A5A929C00A0C9EA /* FirebaseStorage */; };
		6A52018D2A5AA02B00A0C9EA /* LoginPageView.swift in Sources */ = {isa = PBXBuildFile; fileRef = 6A52018C2A5AA02B00A0C9EA /* LoginPageView.swift */; };
		6A5201912A5AECE900A0C9EA /* SignupPageView.swift in Sources */ = {isa = PBXBuildFile; fileRef = 6A5201902A5AECE900A0C9EA /* SignupPageView.swift */; };
		6A5B0FE22A5AFB8700FF6F04 /* AuthView.swift in Sources */ = {isa = PBXBuildFile; fileRef = 6A5B0FE12A5AFB8700FF6F04 /* AuthView.swift */; };
		6A5B0FE52A5AFE3300FF6F04 /* String.swift in Sources */ = {isa = PBXBuildFile; fileRef = 6A5B0FE42A5AFE3300FF6F04 /* String.swift */; };
		6A5B0FE72A5B065D00FF6F04 /* HomePageView.swift in Sources */ = {isa = PBXBuildFile; fileRef = 6A5B0FE62A5B065D00FF6F04 /* HomePageView.swift */; };
		6A5B0FE92A5DC41400FF6F04 /* AnswerView.swift in Sources */ = {isa = PBXBuildFile; fileRef = 6A5B0FE82A5DC41400FF6F04 /* AnswerView.swift */; };
		6A5B0FED2A5EA51C00FF6F04 /* View.swift in Sources */ = {isa = PBXBuildFile; fileRef = 6A5B0FEC2A5EA51C00FF6F04 /* View.swift */; };
		6A5B0FEF2A5FF67700FF6F04 /* LocationManager.swift in Sources */ = {isa = PBXBuildFile; fileRef = 6A5B0FEE2A5FF67700FF6F04 /* LocationManager.swift */; };
		6A5B0FF12A6000E100FF6F04 /* Question.swift in Sources */ = {isa = PBXBuildFile; fileRef = 6A5B0FF02A6000E100FF6F04 /* Question.swift */; };
		6A5B0FF32A6077DB00FF6F04 /* Answer.swift in Sources */ = {isa = PBXBuildFile; fileRef = 6A5B0FF22A6077DB00FF6F04 /* Answer.swift */; };
/* End PBXBuildFile section */

/* Begin PBXFileReference section */
		6A0AA7FE2A6479B70069AAD7 /* GoogleService-Info.plist */ = {isa = PBXFileReference; fileEncoding = 4; lastKnownFileType = text.plist.xml; path = "GoogleService-Info.plist"; sourceTree = "<group>"; };
		6A52016D2A5A91DE00A0C9EA /* HelpAround.app */ = {isa = PBXFileReference; explicitFileType = wrapper.application; includeInIndex = 0; path = HelpAround.app; sourceTree = BUILT_PRODUCTS_DIR; };
		6A5201702A5A91DE00A0C9EA /* HelpAroundApp.swift */ = {isa = PBXFileReference; lastKnownFileType = sourcecode.swift; path = HelpAroundApp.swift; sourceTree = "<group>"; };
		6A5201722A5A91DE00A0C9EA /* ContentView.swift */ = {isa = PBXFileReference; lastKnownFileType = sourcecode.swift; path = ContentView.swift; sourceTree = "<group>"; };
		6A5201742A5A91DF00A0C9EA /* Assets.xcassets */ = {isa = PBXFileReference; lastKnownFileType = folder.assetcatalog; path = Assets.xcassets; sourceTree = "<group>"; };
		6A5201772A5A91DF00A0C9EA /* Preview Assets.xcassets */ = {isa = PBXFileReference; lastKnownFileType = folder.assetcatalog; path = "Preview Assets.xcassets"; sourceTree = "<group>"; };
		6A52018C2A5AA02B00A0C9EA /* LoginPageView.swift */ = {isa = PBXFileReference; lastKnownFileType = sourcecode.swift; path = LoginPageView.swift; sourceTree = "<group>"; };
		6A5201902A5AECE900A0C9EA /* SignupPageView.swift */ = {isa = PBXFileReference; lastKnownFileType = sourcecode.swift; path = SignupPageView.swift; sourceTree = "<group>"; };
		6A5B0FE12A5AFB8700FF6F04 /* AuthView.swift */ = {isa = PBXFileReference; lastKnownFileType = sourcecode.swift; path = AuthView.swift; sourceTree = "<group>"; };
		6A5B0FE42A5AFE3300FF6F04 /* String.swift */ = {isa = PBXFileReference; lastKnownFileType = sourcecode.swift; path = String.swift; sourceTree = "<group>"; };
		6A5B0FE62A5B065D00FF6F04 /* HomePageView.swift */ = {isa = PBXFileReference; lastKnownFileType = sourcecode.swift; path = HomePageView.swift; sourceTree = "<group>"; };
		6A5B0FE82A5DC41400FF6F04 /* AnswerView.swift */ = {isa = PBXFileReference; lastKnownFileType = sourcecode.swift; path = AnswerView.swift; sourceTree = "<group>"; };
		6A5B0FEC2A5EA51C00FF6F04 /* View.swift */ = {isa = PBXFileReference; lastKnownFileType = sourcecode.swift; path = View.swift; sourceTree = "<group>"; };
		6A5B0FEE2A5FF67700FF6F04 /* LocationManager.swift */ = {isa = PBXFileReference; lastKnownFileType = sourcecode.swift; path = LocationManager.swift; sourceTree = "<group>"; };
		6A5B0FF02A6000E100FF6F04 /* Question.swift */ = {isa = PBXFileReference; lastKnownFileType = sourcecode.swift; path = Question.swift; sourceTree = "<group>"; };
		6A5B0FF22A6077DB00FF6F04 /* Answer.swift */ = {isa = PBXFileReference; lastKnownFileType = sourcecode.swift; path = Answer.swift; sourceTree = "<group>"; };
/* End PBXFileReference section */

/* Begin PBXFrameworksBuildPhase section */
		6A52016A2A5A91DE00A0C9EA /* Frameworks */ = {
			isa = PBXFrameworksBuildPhase;
			buildActionMask = 2147483647;
			files = (
				6A5201862A5A929C00A0C9EA /* FirebaseDatabase in Frameworks */,
				6A5201882A5A929C00A0C9EA /* FirebaseFirestore in Frameworks */,
				6A5201822A5A929C00A0C9EA /* FirebaseAnalytics in Frameworks */,
				6A52018A2A5A929C00A0C9EA /* FirebaseStorage in Frameworks */,
				6A5201842A5A929C00A0C9EA /* FirebaseAuth in Frameworks */,
			);
			runOnlyForDeploymentPostprocessing = 0;
		};
/* End PBXFrameworksBuildPhase section */

/* Begin PBXGroup section */
		6A0AA8002A647AC90069AAD7 /* Helpers */ = {
			isa = PBXGroup;
			children = (
				6A5B0FEE2A5FF67700FF6F04 /* LocationManager.swift */,
				6A5B0FF02A6000E100FF6F04 /* Question.swift */,
				6A5B0FF22A6077DB00FF6F04 /* Answer.swift */,
			);
			path = Helpers;
			sourceTree = "<group>";
		};
		6A5201642A5A91DE00A0C9EA = {
			isa = PBXGroup;
			children = (
				6A52016F2A5A91DE00A0C9EA /* HelpAround */,
				6A52016E2A5A91DE00A0C9EA /* Products */,
			);
			sourceTree = "<group>";
		};
		6A52016E2A5A91DE00A0C9EA /* Products */ = {
			isa = PBXGroup;
			children = (
				6A52016D2A5A91DE00A0C9EA /* HelpAround.app */,
			);
			name = Products;
			sourceTree = "<group>";
		};
		6A52016F2A5A91DE00A0C9EA /* HelpAround */ = {
			isa = PBXGroup;
			children = (
				6A0AA8002A647AC90069AAD7 /* Helpers */,
				6A0AA7FE2A6479B70069AAD7 /* GoogleService-Info.plist */,
				6A5B0FE32A5AFE1300FF6F04 /* Extensions */,
				6A52018B2A5A9FFB00A0C9EA /* Views */,
				6A5201702A5A91DE00A0C9EA /* HelpAroundApp.swift */,
				6A5201722A5A91DE00A0C9EA /* ContentView.swift */,
				6A5201742A5A91DF00A0C9EA /* Assets.xcassets */,
				6A5201762A5A91DF00A0C9EA /* Preview Content */,
			);
			path = HelpAround;
			sourceTree = "<group>";
		};
		6A5201762A5A91DF00A0C9EA /* Preview Content */ = {
			isa = PBXGroup;
			children = (
				6A5201772A5A91DF00A0C9EA /* Preview Assets.xcassets */,
			);
			path = "Preview Content";
			sourceTree = "<group>";
		};
		6A52018B2A5A9FFB00A0C9EA /* Views */ = {
			isa = PBXGroup;
			children = (
				6A52018C2A5AA02B00A0C9EA /* LoginPageView.swift */,
				6A5201902A5AECE900A0C9EA /* SignupPageView.swift */,
				6A5B0FE12A5AFB8700FF6F04 /* AuthView.swift */,
				6A5B0FE62A5B065D00FF6F04 /* HomePageView.swift */,
				6A5B0FE82A5DC41400FF6F04 /* AnswerView.swift */,
			);
			path = Views;
			sourceTree = "<group>";
		};
		6A5B0FE32A5AFE1300FF6F04 /* Extensions */ = {
			isa = PBXGroup;
			children = (
				6A5B0FE42A5AFE3300FF6F04 /* String.swift */,
				6A5B0FEC2A5EA51C00FF6F04 /* View.swift */,
			);
			path = Extensions;
			sourceTree = "<group>";
		};
/* End PBXGroup section */

/* Begin PBXNativeTarget section */
		6A52016C2A5A91DE00A0C9EA /* HelpAround */ = {
			isa = PBXNativeTarget;
			buildConfigurationList = 6A52017B2A5A91DF00A0C9EA /* Build configuration list for PBXNativeTarget "HelpAround" */;
			buildPhases = (
				6A5201692A5A91DE00A0C9EA /* Sources */,
				6A52016A2A5A91DE00A0C9EA /* Frameworks */,
				6A52016B2A5A91DE00A0C9EA /* Resources */,
			);
			buildRules = (
			);
			dependencies = (
			);
			name = HelpAround;
			packageProductDependencies = (
				6A5201812A5A929C00A0C9EA /* FirebaseAnalytics */,
				6A5201832A5A929C00A0C9EA /* FirebaseAuth */,
				6A5201852A5A929C00A0C9EA /* FirebaseDatabase */,
				6A5201872A5A929C00A0C9EA /* FirebaseFirestore */,
				6A5201892A5A929C00A0C9EA /* FirebaseStorage */,
			);
			productName = HelpAround;
			productReference = 6A52016D2A5A91DE00A0C9EA /* HelpAround.app */;
			productType = "com.apple.product-type.application";
		};
/* End PBXNativeTarget section */

/* Begin PBXProject section */
		6A5201652A5A91DE00A0C9EA /* Project object */ = {
			isa = PBXProject;
			attributes = {
				BuildIndependentTargetsInParallel = 1;
				LastSwiftUpdateCheck = 1430;
				LastUpgradeCheck = 1430;
				TargetAttributes = {
					6A52016C2A5A91DE00A0C9EA = {
						CreatedOnToolsVersion = 14.3.1;
					};
				};
			};
			buildConfigurationList = 6A5201682A5A91DE00A0C9EA /* Build configuration list for PBXProject "HelpAround" */;
			compatibilityVersion = "Xcode 14.0";
			developmentRegion = he;
			hasScannedForEncodings = 0;
			knownRegions = (
				en,
				Base,
				he,
			);
			mainGroup = 6A5201642A5A91DE00A0C9EA;
			packageReferences = (
				6A5201802A5A929C00A0C9EA /* XCRemoteSwiftPackageReference "firebase-ios-sdk" */,
			);
			productRefGroup = 6A52016E2A5A91DE00A0C9EA /* Products */;
			projectDirPath = "";
			projectRoot = "";
			targets = (
				6A52016C2A5A91DE00A0C9EA /* HelpAround */,
			);
		};
/* End PBXProject section */

/* Begin PBXResourcesBuildPhase section */
		6A52016B2A5A91DE00A0C9EA /* Resources */ = {
			isa = PBXResourcesBuildPhase;
			buildActionMask = 2147483647;
			files = (
				6A5201782A5A91DF00A0C9EA /* Preview Assets.xcassets in Resources */,
				6A0AA7FF2A6479B70069AAD7 /* GoogleService-Info.plist in Resources */,
				6A5201752A5A91DF00A0C9EA /* Assets.xcassets in Resources */,
			);
			runOnlyForDeploymentPostprocessing = 0;
		};
/* End PBXResourcesBuildPhase section */

/* Begin PBXSourcesBuildPhase section */
		6A5201692A5A91DE00A0C9EA /* Sources */ = {
			isa = PBXSourcesBuildPhase;
			buildActionMask = 2147483647;
			files = (
				6A5B0FE52A5AFE3300FF6F04 /* String.swift in Sources */,
				6A5201732A5A91DE00A0C9EA /* ContentView.swift in Sources */,
				6A5B0FED2A5EA51C00FF6F04 /* View.swift in Sources */,
				6A5B0FEF2A5FF67700FF6F04 /* LocationManager.swift in Sources */,
				6A5B0FE22A5AFB8700FF6F04 /* AuthView.swift in Sources */,
				6A52018D2A5AA02B00A0C9EA /* LoginPageView.swift in Sources */,
				6A5201912A5AECE900A0C9EA /* SignupPageView.swift in Sources */,
				6A5B0FF32A6077DB00FF6F04 /* Answer.swift in Sources */,
				6A5B0FE72A5B065D00FF6F04 /* HomePageView.swift in Sources */,
				6A5B0FE92A5DC41400FF6F04 /* AnswerView.swift in Sources */,
				6A5B0FF12A6000E100FF6F04 /* Question.swift in Sources */,
				6A5201712A5A91DE00A0C9EA /* HelpAroundApp.swift in Sources */,
			);
			runOnlyForDeploymentPostprocessing = 0;
		};
/* End PBXSourcesBuildPhase section */

/* Begin XCBuildConfiguration section */
		6A5201792A5A91DF00A0C9EA /* Debug */ = {
			isa = XCBuildConfiguration;
			buildSettings = {
				ALWAYS_SEARCH_USER_PATHS = NO;
				CLANG_ANALYZER_NONNULL = YES;
				CLANG_ANALYZER_NUMBER_OBJECT_CONVERSION = YES_AGGRESSIVE;
				CLANG_CXX_LANGUAGE_STANDARD = "gnu++20";
				CLANG_ENABLE_MODULES = YES;
				CLANG_ENABLE_OBJC_ARC = YES;
				CLANG_ENABLE_OBJC_WEAK = YES;
				CLANG_WARN_BLOCK_CAPTURE_AUTORELEASING = YES;
				CLANG_WARN_BOOL_CONVERSION = YES;
				CLANG_WARN_COMMA = YES;
				CLANG_WARN_CONSTANT_CONVERSION = YES;
				CLANG_WARN_DEPRECATED_OBJC_IMPLEMENTATIONS = YES;
				CLANG_WARN_DIRECT_OBJC_ISA_USAGE = YES_ERROR;
				CLANG_WARN_DOCUMENTATION_COMMENTS = YES;
				CLANG_WARN_EMPTY_BODY = YES;
				CLANG_WARN_ENUM_CONVERSION = YES;
				CLANG_WARN_INFINITE_RECURSION = YES;
				CLANG_WARN_INT_CONVERSION = YES;
				CLANG_WARN_NON_LITERAL_NULL_CONVERSION = YES;
				CLANG_WARN_OBJC_IMPLICIT_RETAIN_SELF = YES;
				CLANG_WARN_OBJC_LITERAL_CONVERSION = YES;
				CLANG_WARN_OBJC_ROOT_CLASS = YES_ERROR;
				CLANG_WARN_QUOTED_INCLUDE_IN_FRAMEWORK_HEADER = YES;
				CLANG_WARN_RANGE_LOOP_ANALYSIS = YES;
				CLANG_WARN_STRICT_PROTOTYPES = YES;
				CLANG_WARN_SUSPICIOUS_MOVE = YES;
				CLANG_WARN_UNGUARDED_AVAILABILITY = YES_AGGRESSIVE;
				CLANG_WARN_UNREACHABLE_CODE = YES;
				CLANG_WARN__DUPLICATE_METHOD_MATCH = YES;
				COPY_PHASE_STRIP = NO;
				DEBUG_INFORMATION_FORMAT = dwarf;
				ENABLE_STRICT_OBJC_MSGSEND = YES;
				ENABLE_TESTABILITY = YES;
				GCC_C_LANGUAGE_STANDARD = gnu11;
				GCC_DYNAMIC_NO_PIC = NO;
				GCC_NO_COMMON_BLOCKS = YES;
				GCC_OPTIMIZATION_LEVEL = 0;
				GCC_PREPROCESSOR_DEFINITIONS = (
					"DEBUG=1",
					"$(inherited)",
				);
				GCC_WARN_64_TO_32_BIT_CONVERSION = YES;
				GCC_WARN_ABOUT_RETURN_TYPE = YES_ERROR;
				GCC_WARN_UNDECLARED_SELECTOR = YES;
				GCC_WARN_UNINITIALIZED_AUTOS = YES_AGGRESSIVE;
				GCC_WARN_UNUSED_FUNCTION = YES;
				GCC_WARN_UNUSED_VARIABLE = YES;
				INFOPLIST_KEY_NSLocationAlwaysAndWhenInUseUsageDescription = NSLocationAlwaysAndWhenInUseUsageDescription;
				INFOPLIST_KEY_NSLocationWhenInUseUsageDescription = NSLocationWhenInUseUsageDescription;
				IPHONEOS_DEPLOYMENT_TARGET = 16.4;
				MTL_ENABLE_DEBUG_INFO = INCLUDE_SOURCE;
				MTL_FAST_MATH = YES;
				ONLY_ACTIVE_ARCH = YES;
				SDKROOT = iphoneos;
				SWIFT_ACTIVE_COMPILATION_CONDITIONS = DEBUG;
				SWIFT_OPTIMIZATION_LEVEL = "-Onone";
			};
			name = Debug;
		};
		6A52017A2A5A91DF00A0C9EA /* Release */ = {
			isa = XCBuildConfiguration;
			buildSettings = {
				ALWAYS_SEARCH_USER_PATHS = NO;
				CLANG_ANALYZER_NONNULL = YES;
				CLANG_ANALYZER_NUMBER_OBJECT_CONVERSION = YES_AGGRESSIVE;
				CLANG_CXX_LANGUAGE_STANDARD = "gnu++20";
				CLANG_ENABLE_MODULES = YES;
				CLANG_ENABLE_OBJC_ARC = YES;
				CLANG_ENABLE_OBJC_WEAK = YES;
				CLANG_WARN_BLOCK_CAPTURE_AUTORELEASING = YES;
				CLANG_WARN_BOOL_CONVERSION = YES;
				CLANG_WARN_COMMA = YES;
				CLANG_WARN_CONSTANT_CONVERSION = YES;
				CLANG_WARN_DEPRECATED_OBJC_IMPLEMENTATIONS = YES;
				CLANG_WARN_DIRECT_OBJC_ISA_USAGE = YES_ERROR;
				CLANG_WARN_DOCUMENTATION_COMMENTS = YES;
				CLANG_WARN_EMPTY_BODY = YES;
				CLANG_WARN_ENUM_CONVERSION = YES;
				CLANG_WARN_INFINITE_RECURSION = YES;
				CLANG_WARN_INT_CONVERSION = YES;
				CLANG_WARN_NON_LITERAL_NULL_CONVERSION = YES;
				CLANG_WARN_OBJC_IMPLICIT_RETAIN_SELF = YES;
				CLANG_WARN_OBJC_LITERAL_CONVERSION = YES;
				CLANG_WARN_OBJC_ROOT_CLASS = YES_ERROR;
				CLANG_WARN_QUOTED_INCLUDE_IN_FRAMEWORK_HEADER = YES;
				CLANG_WARN_RANGE_LOOP_ANALYSIS = YES;
				CLANG_WARN_STRICT_PROTOTYPES = YES;
				CLANG_WARN_SUSPICIOUS_MOVE = YES;
				CLANG_WARN_UNGUARDED_AVAILABILITY = YES_AGGRESSIVE;
				CLANG_WARN_UNREACHABLE_CODE = YES;
				CLANG_WARN__DUPLICATE_METHOD_MATCH = YES;
				COPY_PHASE_STRIP = NO;
				DEBUG_INFORMATION_FORMAT = "dwarf-with-dsym";
				ENABLE_NS_ASSERTIONS = NO;
				ENABLE_STRICT_OBJC_MSGSEND = YES;
				GCC_C_LANGUAGE_STANDARD = gnu11;
				GCC_NO_COMMON_BLOCKS = YES;
				GCC_WARN_64_TO_32_BIT_CONVERSION = YES;
				GCC_WARN_ABOUT_RETURN_TYPE = YES_ERROR;
				GCC_WARN_UNDECLARED_SELECTOR = YES;
				GCC_WARN_UNINITIALIZED_AUTOS = YES_AGGRESSIVE;
				GCC_WARN_UNUSED_FUNCTION = YES;
				GCC_WARN_UNUSED_VARIABLE = YES;
				INFOPLIST_KEY_NSLocationAlwaysAndWhenInUseUsageDescription = NSLocationAlwaysAndWhenInUseUsageDescription;
				INFOPLIST_KEY_NSLocationWhenInUseUsageDescription = NSLocationWhenInUseUsageDescription;
				IPHONEOS_DEPLOYMENT_TARGET = 16.4;
				MTL_ENABLE_DEBUG_INFO = NO;
				MTL_FAST_MATH = YES;
				SDKROOT = iphoneos;
				SWIFT_COMPILATION_MODE = wholemodule;
				SWIFT_OPTIMIZATION_LEVEL = "-O";
				VALIDATE_PRODUCT = YES;
			};
			name = Release;
		};
		6A52017C2A5A91DF00A0C9EA /* Debug */ = {
			isa = XCBuildConfiguration;
			buildSettings = {
				ASSETCATALOG_COMPILER_APPICON_NAME = AppIcon;
				ASSETCATALOG_COMPILER_GLOBAL_ACCENT_COLOR_NAME = AccentColor;
				CODE_SIGN_STYLE = Automatic;
				CURRENT_PROJECT_VERSION = 1;
				DEVELOPMENT_ASSET_PATHS = "\"HelpAround/Preview Content\"";
				DEVELOPMENT_TEAM = BCSM6XFS8J;
				ENABLE_PREVIEWS = YES;
				GENERATE_INFOPLIST_FILE = YES;
				INFOPLIST_KEY_UIApplicationSceneManifest_Generation = YES;
				INFOPLIST_KEY_UIApplicationSupportsIndirectInputEvents = YES;
				INFOPLIST_KEY_UILaunchScreen_Generation = YES;
				INFOPLIST_KEY_UISupportedInterfaceOrientations_iPad = "UIInterfaceOrientationPortrait UIInterfaceOrientationPortraitUpsideDown UIInterfaceOrientationLandscapeLeft UIInterfaceOrientationLandscapeRight";
				INFOPLIST_KEY_UISupportedInterfaceOrientations_iPhone = "UIInterfaceOrientationPortrait UIInterfaceOrientationLandscapeLeft UIInterfaceOrientationLandscapeRight";
				LD_RUNPATH_SEARCH_PATHS = (
					"$(inherited)",
					"@executable_path/Frameworks",
				);
				MARKETING_VERSION = 1.0;
				PRODUCT_BUNDLE_IDENTIFIER = com.luba.HelpAround;
				PRODUCT_NAME = "$(TARGET_NAME)";
				SWIFT_EMIT_LOC_STRINGS = YES;
				SWIFT_VERSION = 5.0;
				TARGETED_DEVICE_FAMILY = "1,2";
			};
			name = Debug;
		};
		6A52017D2A5A91DF00A0C9EA /* Release */ = {
			isa = XCBuildConfiguration;
			buildSettings = {
				ASSETCATALOG_COMPILER_APPICON_NAME = AppIcon;
				ASSETCATALOG_COMPILER_GLOBAL_ACCENT_COLOR_NAME = AccentColor;
				CODE_SIGN_STYLE = Automatic;
				CURRENT_PROJECT_VERSION = 1;
				DEVELOPMENT_ASSET_PATHS = "\"HelpAround/Preview Content\"";
				DEVELOPMENT_TEAM = BCSM6XFS8J;
				ENABLE_PREVIEWS = YES;
				GENERATE_INFOPLIST_FILE = YES;
				INFOPLIST_KEY_UIApplicationSceneManifest_Generation = YES;
				INFOPLIST_KEY_UIApplicationSupportsIndirectInputEvents = YES;
				INFOPLIST_KEY_UILaunchScreen_Generation = YES;
				INFOPLIST_KEY_UISupportedInterfaceOrientations_iPad = "UIInterfaceOrientationPortrait UIInterfaceOrientationPortraitUpsideDown UIInterfaceOrientationLandscapeLeft UIInterfaceOrientationLandscapeRight";
				INFOPLIST_KEY_UISupportedInterfaceOrientations_iPhone = "UIInterfaceOrientationPortrait UIInterfaceOrientationLandscapeLeft UIInterfaceOrientationLandscapeRight";
				LD_RUNPATH_SEARCH_PATHS = (
					"$(inherited)",
					"@executable_path/Frameworks",
				);
				MARKETING_VERSION = 1.0;
				PRODUCT_BUNDLE_IDENTIFIER = com.luba.HelpAround;
				PRODUCT_NAME = "$(TARGET_NAME)";
				SWIFT_EMIT_LOC_STRINGS = YES;
				SWIFT_VERSION = 5.0;
				TARGETED_DEVICE_FAMILY = "1,2";
			};
			name = Release;
		};
/* End XCBuildConfiguration section */

/* Begin XCConfigurationList section */
		6A5201682A5A91DE00A0C9EA /* Build configuration list for PBXProject "HelpAround" */ = {
			isa = XCConfigurationList;
			buildConfigurations = (
				6A5201792A5A91DF00A0C9EA /* Debug */,
				6A52017A2A5A91DF00A0C9EA /* Release */,
			);
			defaultConfigurationIsVisible = 0;
			defaultConfigurationName = Release;
		};
		6A52017B2A5A91DF00A0C9EA /* Build configuration list for PBXNativeTarget "HelpAround" */ = {
			isa = XCConfigurationList;
			buildConfigurations = (
				6A52017C2A5A91DF00A0C9EA /* Debug */,
				6A52017D2A5A91DF00A0C9EA /* Release */,
			);
			defaultConfigurationIsVisible = 0;
			defaultConfigurationName = Release;
		};
/* End XCConfigurationList section */

/* Begin XCRemoteSwiftPackageReference section */
		6A5201802A5A929C00A0C9EA /* XCRemoteSwiftPackageReference "firebase-ios-sdk" */ = {
			isa = XCRemoteSwiftPackageReference;
			repositoryURL = "https://github.com/firebase/firebase-ios-sdk";
			requirement = {
				kind = upToNextMajorVersion;
				minimumVersion = 10.0.0;
			};
		};
/* End XCRemoteSwiftPackageReference section */

/* Begin XCSwiftPackageProductDependency section */
		6A5201812A5A929C00A0C9EA /* FirebaseAnalytics */ = {
			isa = XCSwiftPackageProductDependency;
			package = 6A5201802A5A929C00A0C9EA /* XCRemoteSwiftPackageReference "firebase-ios-sdk" */;
			productName = FirebaseAnalytics;
		};
		6A5201832A5A929C00A0C9EA /* FirebaseAuth */ = {
			isa = XCSwiftPackageProductDependency;
			package = 6A5201802A5A929C00A0C9EA /* XCRemoteSwiftPackageReference "firebase-ios-sdk" */;
			productName = FirebaseAuth;
		};
		6A5201852A5A929C00A0C9EA /* FirebaseDatabase */ = {
			isa = XCSwiftPackageProductDependency;
			package = 6A5201802A5A929C00A0C9EA /* XCRemoteSwiftPackageReference "firebase-ios-sdk" */;
			productName = FirebaseDatabase;
		};
		6A5201872A5A929C00A0C9EA /* FirebaseFirestore */ = {
			isa = XCSwiftPackageProductDependency;
			package = 6A5201802A5A929C00A0C9EA /* XCRemoteSwiftPackageReference "firebase-ios-sdk" */;
			productName = FirebaseFirestore;
		};
		6A5201892A5A929C00A0C9EA /* FirebaseStorage */ = {
			isa = XCSwiftPackageProductDependency;
			package = 6A5201802A5A929C00A0C9EA /* XCRemoteSwiftPackageReference "firebase-ios-sdk" */;
			productName = FirebaseStorage;
		};
/* End XCSwiftPackageProductDependency section */
	};
	rootObject = 6A5201652A5A91DE00A0C9EA /* Project object */;
}
